
Microsoft Visual Studio Solution File, Format Version 12.00
# Visual Studio Version 17
VisualStudioVersion = 17.0.31903.59
MinimumVisualStudioVersion = 10.0.40219.1
Project("{FAE04EC0-301F-11D3-BF4B-00C04F79EFBC}") = "fcg-users-api", "fcg-users-api\fcg-users-api.csproj", "{48CE6468-67A8-4A25-8DFA-F53E0411CF08}"
EndProject
Project("{FAE04EC0-301F-11D3-BF4B-00C04F79EFBC}") = "fcg-catalog-api", "fcg-catalog-api\fcg-catalog-api.csproj", "{6C4ACCC4-B644-42F3-BF2F-39174F5AB7FA}"
EndProject
Project("{FAE04EC0-301F-11D3-BF4B-00C04F79EFBC}") = "fcg-payments-api", "fcg-payments-api\fcg-payments-api.csproj", "{4FF3CFB2-E71B-406A-A5F6-21438DE577E8}"
EndProject
Project("{FAE04EC0-301F-11D3-BF4B-00C04F79EFBC}") = "fcg-notifications-api", "fcg-notifications-api\fcg-notifications-api.csproj", "{2AEB67BD-6C23-448E-BA02-6AB371A62E4B}"
EndProject
Global
	GlobalSection(SolutionConfigurationPlatforms) = preSolution
		Debug|Any CPU = Debug|Any CPU
		Debug|x64 = Debug|x64
		Debug|x86 = Debug|x86
		Release|Any CPU = Release|Any CPU
		Release|x64 = Release|x64
		Release|x86 = Release|x86
	EndGlobalSection
	GlobalSection(ProjectConfigurationPlatforms) = postSolution
		{48CE6468-67A8-4A25-8DFA-F53E0411CF08}.Debug|Any CPU.ActiveCfg = Debug|Any CPU
		{48CE6468-67A8-4A25-8DFA-F53E0411CF08}.Debug|Any CPU.Build.0 = Debug|Any CPU
		{48CE6468-67A8-4A25-8DFA-F53E0411CF08}.Debug|x64.ActiveCfg = Debug|Any CPU
		{48CE6468-67A8-4A25-8DFA-F53E0411CF08}.Debug|x64.Build.0 = Debug|Any CPU
		{48CE6468-67A8-4A25-8DFA-F53E0411CF08}.Debug|x86.ActiveCfg = Debug|Any CPU
		{48CE6468-67A8-4A25-8DFA-F53E0411CF08}.Debug|x86.Build.0 = Debug|Any CPU
		{48CE6468-67A8-4A25-8DFA-F53E0411CF08}.Release|Any CPU.ActiveCfg = Release|Any CPU
		{48CE6468-67A8-4A25-8DFA-F53E0411CF08}.Release|Any CPU.Build.0 = Release|Any CPU
		{48CE6468-67A8-4A25-8DFA-F53E0411CF08}.Release|x64.ActiveCfg = Release|Any CPU
		{48CE6468-67A8-4A25-8DFA-F53E0411CF08}.Release|x64.Build.0 = Release|Any CPU
		{48CE6468-67A8-4A25-8DFA-F53E0411CF08}.Release|x86.ActiveCfg = Release|Any CPU
		{48CE6468-67A8-4A25-8DFA-F53E0411CF08}.Release|x86.Build.0 = Release|Any CPU
		{6C4ACCC4-B644-42F3-BF2F-39174F5AB7FA}.Debug|Any CPU.ActiveCfg = Debug|Any CPU
		{6C4ACCC4-B644-42F3-BF2F-39174F5AB7FA}.Debug|Any CPU.Build.0 = Debug|Any CPU
		{6C4ACCC4-B644-42F3-BF2F-39174F5AB7FA}.Debug|x64.ActiveCfg = Debug|Any CPU
		{6C4ACCC4-B644-42F3-BF2F-39174F5AB7FA}.Debug|x64.Build.0 = Debug|Any CPU
		{6C4ACCC4-B644-42F3-BF2F-39174F5AB7FA}.Debug|x86.ActiveCfg = Debug|Any CPU
		{6C4ACCC4-B644-42F3-BF2F-39174F5AB7FA}.Debug|x86.Build.0 = Debug|Any CPU
		{6C4ACCC4-B644-42F3-BF2F-39174F5AB7FA}.Release|Any CPU.ActiveCfg = Release|Any CPU
		{6C4ACCC4-B644-42F3-BF2F-39174F5AB7FA}.Release|Any CPU.Build.0 = Release|Any CPU
		{6C4ACCC4-B644-42F3-BF2F-39174F5AB7FA}.Release|x64.ActiveCfg = Release|Any CPU
		{6C4ACCC4-B644-42F3-BF2F-39174F5AB7FA}.Release|x64.Build.0 = Release|Any CPU
		{6C4ACCC4-B644-42F3-BF2F-39174F5AB7FA}.Release|x86.ActiveCfg = Release|Any CPU
		{6C4ACCC4-B644-42F3-BF2F-39174F5AB7FA}.Release|x86.Build.0 = Release|Any CPU
		{4FF3CFB2-E71B-406A-A5F6-21438DE577E8}.Debug|Any CPU.ActiveCfg = Debug|Any CPU
		{4FF3CFB2-E71B-406A-A5F6-21438DE577E8}.Debug|Any CPU.Build.0 = Debug|Any CPU
		{4FF3CFB2-E71B-406A-A5F6-21438DE577E8}.Debug|x64.ActiveCfg = Debug|Any CPU
		{4FF3CFB2-E71B-406A-A5F6-21438DE577E8}.Debug|x64.Build.0 = Debug|Any CPU
		{4FF3CFB2-E71B-406A-A5F6-21438DE577E8}.Debug|x86.ActiveCfg = Debug|Any CPU
		{4FF3CFB2-E71B-406A-A5F6-21438DE577E8}.Debug|x86.Build.0 = Debug|Any CPU
		{4FF3CFB2-E71B-406A-A5F6-21438DE577E8}.Release|Any CPU.ActiveCfg = Release|Any CPU
		{4FF3CFB2-E71B-406A-A5F6-21438DE577E8}.Release|Any CPU.Build.0 = Release|Any CPU
		{4FF3CFB2-E71B-406A-A5F6-21438DE577E8}.Release|x64.ActiveCfg = Release|Any CPU
		{4FF3CFB2-E71B-406A-A5F6-21438DE577E8}.Release|x64.Build.0 = Release|Any CPU
		{4FF3CFB2-E71B-406A-A5F6-21438DE577E8}.Release|x86.ActiveCfg = Release|Any CPU
		{4FF3CFB2-E71B-406A-A5F6-21438DE577E8}.Release|x86.Build.0 = Release|Any CPU
		{2AEB67BD-6C23-448E-BA02-6AB371A62E4B}.Debug|Any CPU.ActiveCfg = Debug|Any CPU
		{2AEB67BD-6C23-448E-BA02-6AB371A62E4B}.Debug|Any CPU.Build.0 = Debug|Any CPU
		{2AEB67BD-6C23-448E-BA02-6AB371A62E4B}.Debug|x64.ActiveCfg = Debug|Any CPU
		{2AEB67BD-6C23-448E-BA02-6AB371A62E4B}.Debug|x64.Build.0 = Debug|Any CPU
		{2AEB67BD-6C23-448E-BA02-6AB371A62E4B}.Debug|x86.ActiveCfg = Debug|Any CPU
		{2AEB67BD-6C23-448E-BA02-6AB371A62E4B}.Debug|x86.Build.0 = Debug|Any CPU
		{2AEB67BD-6C23-448E-BA02-6AB371A62E4B}.Release|Any CPU.ActiveCfg = Release|Any CPU
		{2AEB67BD-6C23-448E-BA02-6AB371A62E4B}.Release|Any CPU.Build.0 = Release|Any CPU
		{2AEB67BD-6C23-448E-BA02-6AB371A62E4B}.Release|x64.ActiveCfg = Release|Any CPU
		{2AEB67BD-6C23-448E-BA02-6AB371A62E4B}.Release|x64.Build.0 = Release|Any CPU
		{2AEB67BD-6C23-448E-BA02-6AB371A62E4B}.Release|x86.ActiveCfg = Release|Any CPU
		{2AEB67BD-6C23-448E-BA02-6AB371A62E4B}.Release|x86.Build.0 = Release|Any CPU
	EndGlobalSection
	GlobalSection(SolutionProperties) = preSolution
		HideSolutionNode = FALSE
	EndGlobalSection
EndGlobal
